
Microsoft Visual Studio Solution File, Format Version 12.00
# Visual Studio Version 17
VisualStudioVersion = 17.10.35027.167
MinimumVisualStudioVersion = 10.0.40219.1
Project("{FAE04EC0-301F-11D3-BF4B-00C04F79EFBC}") = "Microsoft.DotNet.EolAnnotationChecker", "Microsoft.DotNet.EolAnnotationChecker.csproj", "{F5064225-9C54-44DD-AA2E-8DCCF269DD0C}"
EndProject
Global
	GlobalSection(SolutionConfigurationPlatforms) = preSolution
		Debug|Any CPU = Debug|Any CPU
		Release|Any CPU = Release|Any CPU
	EndGlobalSection
	GlobalSection(ProjectConfigurationPlatforms) = postSolution
		{F5064225-9C54-44DD-AA2E-8DCCF269DD0C}.Debug|Any CPU.ActiveCfg = Debug|Any CPU
		{F5064225-9C54-44DD-AA2E-8DCCF269DD0C}.Debug|Any CPU.Build.0 = Debug|Any CPU
		{F5064225-9C54-44DD-AA2E-8DCCF269DD0C}.Release|Any CPU.ActiveCfg = Release|Any CPU
		{F5064225-9C54-44DD-AA2E-8DCCF269DD0C}.Release|Any CPU.Build.0 = Release|Any CPU
	EndGlobalSection
	GlobalSection(SolutionProperties) = preSolution
		HideSolutionNode = FALSE
	EndGlobalSection
	GlobalSection(ExtensibilityGlobals) = postSolution
		SolutionGuid = {C977A217-1859-4C75-A03B-CFC3AAD3BF12}
	EndGlobalSection
EndGlobal
